
Microsoft Visual Studio Solution File, Format Version 12.00
Project("{FAE04EC0-301F-11D3-BF4B-00C04F79EFBC}") = "DSA", "DSA\DSA.csproj", "{4DDB5AB6-C08F-48E7-B3E8-C7E6F9E94F53}"
EndProject
Project("{FAE04EC0-301F-11D3-BF4B-00C04F79EFBC}") = "DSA.Tests", "DSA.Tests\DSA.Tests.csproj", "{D3E2AA40-0262-4C51-84F2-F4F3914FAE7E}"
EndProject
Project("{2150E333-8FDC-42A3-9474-1A3956D46DE8}") = "SolutionItems", "SolutionItems", "{F5FD4385-5E4F-46DF-8734-5353C5B8CA87}"
	ProjectSection(SolutionItems) = preProject
		.gitignore = .gitignore
	EndProjectSection
EndProject
Global
	GlobalSection(SolutionConfigurationPlatforms) = preSolution
		Debug|Any CPU = Debug|Any CPU
		Release|Any CPU = Release|Any CPU
	EndGlobalSection
	GlobalSection(ProjectConfigurationPlatforms) = postSolution
		{4DDB5AB6-C08F-48E7-B3E8-C7E6F9E94F53}.Debug|Any CPU.ActiveCfg = Debug|Any CPU
		{4DDB5AB6-C08F-48E7-B3E8-C7E6F9E94F53}.Debug|Any CPU.Build.0 = Debug|Any CPU
		{4DDB5AB6-C08F-48E7-B3E8-C7E6F9E94F53}.Release|Any CPU.ActiveCfg = Release|Any CPU
		{4DDB5AB6-C08F-48E7-B3E8-C7E6F9E94F53}.Release|Any CPU.Build.0 = Release|Any CPU
		{D3E2AA40-0262-4C51-84F2-F4F3914FAE7E}.Debug|Any CPU.ActiveCfg = Debug|Any CPU
		{D3E2AA40-0262-4C51-84F2-F4F3914FAE7E}.Debug|Any CPU.Build.0 = Debug|Any CPU
		{D3E2AA40-0262-4C51-84F2-F4F3914FAE7E}.Release|Any CPU.ActiveCfg = Release|Any CPU
		{D3E2AA40-0262-4C51-84F2-F4F3914FAE7E}.Release|Any CPU.Build.0 = Release|Any CPU
	EndGlobalSection
EndGlobal
